// !$*UTF8*$!
{
	archiveVersion = 1;
	classes = {
	};
	objectVersion = 46;
	objects = {

/* Begin PBXBuildFile section */
		915A92851D20F56300391911 /* main.m in Sources */ = {isa = PBXBuildFile; fileRef = 915A92841D20F56300391911 /* main.m */; };
		915A92881D20F56300391911 /* AppDelegate.m in Sources */ = {isa = PBXBuildFile; fileRef = 915A92871D20F56300391911 /* AppDelegate.m */; };
		915A928B1D20F56300391911 /* ViewController.m in Sources */ = {isa = PBXBuildFile; fileRef = 915A928A1D20F56300391911 /* ViewController.m */; };
		915A928E1D20F56300391911 /* Main.storyboard in Resources */ = {isa = PBXBuildFile; fileRef = 915A928C1D20F56300391911 /* Main.storyboard */; };
		915A92901D20F56300391911 /* Assets.xcassets in Resources */ = {isa = PBXBuildFile; fileRef = 915A928F1D20F56300391911 /* Assets.xcassets */; };
		915A92931D20F56300391911 /* LaunchScreen.storyboard in Resources */ = {isa = PBXBuildFile; fileRef = 915A92911D20F56300391911 /* LaunchScreen.storyboard */; };
/* End PBXBuildFile section */

/* Begin PBXFileReference section */
		915A92801D20F56300391911 /* Multiple_reverse.app */ = {isa = PBXFileReference; explicitFileType = wrapper.application; includeInIndex = 0; path = Multiple_reverse.app; sourceTree = BUILT_PRODUCTS_DIR; };
		915A92841D20F56300391911 /* main.m */ = {isa = PBXFileReference; lastKnownFileType = sourcecode.c.objc; path = main.m; sourceTree = "<group>"; };
		915A92861D20F56300391911 /* AppDelegate.h */ = {isa = PBXFileReference; lastKnownFileType = sourcecode.c.h; path = AppDelegate.h; sourceTree = "<group>"; };
		915A92871D20F56300391911 /* AppDelegate.m */ = {isa = PBXFileReference; lastKnownFileType = sourcecode.c.objc; path = AppDelegate.m; sourceTree = "<group>"; };
		915A92891D20F56300391911 /* ViewController.h */ = {isa = PBXFileReference; lastKnownFileType = sourcecode.c.h; path = ViewController.h; sourceTree = "<group>"; };
		915A928A1D20F56300391911 /* ViewController.m */ = {isa = PBXFileReference; lastKnownFileType = sourcecode.c.objc; path = ViewController.m; sourceTree = "<group>"; };
		915A928D1D20F56300391911 /* Base */ = {isa = PBXFileReference; lastKnownFileType = file.storyboard; name = Base; path = Base.lproj/Main.storyboard; sourceTree = "<group>"; };
		915A928F1D20F56300391911 /* Assets.xcassets */ = {isa = PBXFileReference; lastKnownFileType = folder.assetcatalog; path = Assets.xcassets; sourceTree = "<group>"; };
		915A92921D20F56300391911 /* Base */ = {isa = PBXFileReference; lastKnownFileType = file.storyboard; name = Base; path = Base.lproj/LaunchScreen.storyboard; sourceTree = "<group>"; };
		915A92941D20F56300391911 /* Info.plist */ = {isa = PBXFileReference; lastKnownFileType = text.plist.xml; path = Info.plist; sourceTree = "<group>"; };
/* End PBXFileReference section */

/* Begin PBXFrameworksBuildPhase section */
		915A927D1D20F56300391911 /* Frameworks */ = {
			isa = PBXFrameworksBuildPhase;
			buildActionMask = 2147483647;
			files = (
			);
			runOnlyForDeploymentPostprocessing = 0;
		};
/* End PBXFrameworksBuildPhase section */

/* Begin PBXGroup section */
		915A92771D20F56200391911 = {
			isa = PBXGroup;
			children = (
				915A92821D20F56300391911 /* Multiple_reverse */,
				915A92811D20F56300391911 /* Products */,
			);
			sourceTree = "<group>";
		};
		915A92811D20F56300391911 /* Products */ = {
			isa = PBXGroup;
			children = (
				915A92801D20F56300391911 /* Multiple_reverse.app */,
			);
			name = Products;
			sourceTree = "<group>";
		};
		915A92821D20F56300391911 /* Multiple_reverse */ = {
			isa = PBXGroup;
			children = (
				915A92861D20F56300391911 /* AppDelegate.h */,
				915A92871D20F56300391911 /* AppDelegate.m */,
				915A92891D20F56300391911 /* ViewController.h */,
				915A928A1D20F56300391911 /* ViewController.m */,
				915A928C1D20F56300391911 /* Main.storyboard */,
				915A928F1D20F56300391911 /* Assets.xcassets */,
				915A92911D20F56300391911 /* LaunchScreen.storyboard */,
				915A92941D20F56300391911 /* Info.plist */,
				915A92831D20F56300391911 /* Supporting Files */,
			);
			path = Multiple_reverse;
			sourceTree = "<group>";
		};
		915A92831D20F56300391911 /* Supporting Files */ = {
			isa = PBXGroup;
			children = (
				915A92841D20F56300391911 /* main.m */,
			);
			name = "Supporting Files";
			sourceTree = "<group>";
		};
/* End PBXGroup section */

/* Begin PBXNativeTarget section */
		915A927F1D20F56300391911 /* Multiple_reverse */ = {
			isa = PBXNativeTarget;
			buildConfigurationList = 915A92971D20F56300391911 /* Build configuration list for PBXNativeTarget "Multiple_reverse" */;
			buildPhases = (
				915A927C1D20F56300391911 /* Sources */,
				915A927D1D20F56300391911 /* Frameworks */,
				915A927E1D20F56300391911 /* Resources */,
			);
			buildRules = (
			);
			dependencies = (
			);
			name = Multiple_reverse;
			productName = Multiple_reverse;
			productReference = 915A92801D20F56300391911 /* Multiple_reverse.app */;
			productType = "com.apple.product-type.application";
		};
/* End PBXNativeTarget section */

/* Begin PBXProject section */
		915A92781D20F56200391911 /* Project object */ = {
			isa = PBXProject;
			attributes = {
				LastUpgradeCheck = 0730;
				ORGANIZATIONNAME = "Gopal Bharadia";
				TargetAttributes = {
					915A927F1D20F56300391911 = {
						CreatedOnToolsVersion = 7.3;
					};
				};
			};
			buildConfigurationList = 915A927B1D20F56200391911 /* Build configuration list for PBXProject "Multiple_reverse" */;
			compatibilityVersion = "Xcode 3.2";
			developmentRegion = English;
			hasScannedForEncodings = 0;
			knownRegions = (
				en,
				Base,
			);
			mainGroup = 915A92771D20F56200391911;
			productRefGroup = 915A92811D20F56300391911 /* Products */;
			projectDirPath = "";
			projectRoot = "";
			targets = (
				915A927F1D20F56300391911 /* Multiple_reverse */,
			);
		};
/* End PBXProject section */

/* Begin PBXResourcesBuildPhase section */
		915A927E1D20F56300391911 /* Resources */ = {
			isa = PBXResourcesBuildPhase;
			buildActionMask = 2147483647;
			files = (
				915A92931D20F56300391911 /* LaunchScreen.storyboard in Resources */,
				915A92901D20F56300391911 /* Assets.xcassets in Resources */,
				915A928E1D20F56300391911 /* Main.storyboard in Resources */,
			);
			runOnlyForDeploymentPostprocessing = 0;
		};
/* End PBXResourcesBuildPhase section */

/* Begin PBXSourcesBuildPhase section */
		915A927C1D20F56300391911 /* Sources */ = {
			isa = PBXSourcesBuildPhase;
			buildActionMask = 2147483647;
			files = (
				915A928B1D20F56300391911 /* ViewController.m in Sources */,
				915A92881D20F56300391911 /* AppDelegate.m in Sources */,
				915A92851D20F56300391911 /* main.m in Sources */,
			);
			runOnlyForDeploymentPostprocessing = 0;
		};
/* End PBXSourcesBuildPhase section */

/* Begin PBXVariantGroup section */
		915A928C1D20F56300391911 /* Main.storyboard */ = {
			isa = PBXVariantGroup;
			children = (
				915A928D1D20F56300391911 /* Base */,
			);
			name = Main.storyboard;
			sourceTree = "<group>";
		};
		915A92911D20F56300391911 /* LaunchScreen.storyboard */ = {
			isa = PBXVariantGroup;
			children = (
				915A92921D20F56300391911 /* Base */,
			);
			name = LaunchScreen.storyboard;
			sourceTree = "<group>";
		};
/* End PBXVariantGroup section */

/* Begin XCBuildConfiguration section */
		915A92951D20F56300391911 /* Debug */ = {
			isa = XCBuildConfiguration;
			buildSettings = {
				ALWAYS_SEARCH_USER_PATHS = NO;
				CLANG_ANALYZER_NONNULL = YES;
				CLANG_CXX_LANGUAGE_STANDARD = "gnu++0x";
				CLANG_CXX_LIBRARY = "libc++";
				CLANG_ENABLE_MODULES = YES;
				CLANG_ENABLE_OBJC_ARC = YES;
				CLANG_WARN_BOOL_CONVERSION = YES;
				CLANG_WARN_CONSTANT_CONVERSION = YES;
				CLANG_WARN_DIRECT_OBJC_ISA_USAGE = YES_ERROR;
				CLANG_WARN_EMPTY_BODY = YES;
				CLANG_WARN_ENUM_CONVERSION = YES;
				CLANG_WARN_INT_CONVERSION = YES;
				CLANG_WARN_OBJC_ROOT_CLASS = YES_ERROR;
				CLANG_WARN_UNREACHABLE_CODE = YES;
				CLANG_WARN__DUPLICATE_METHOD_MATCH = YES;
				"CODE_SIGN_IDENTITY[sdk=iphoneos*]" = "iPhone Developer";
				COPY_PHASE_STRIP = NO;
				DEBUG_INFORMATION_FORMAT = dwarf;
				ENABLE_STRICT_OBJC_MSGSEND = YES;
				ENABLE_TESTABILITY = YES;
				GCC_C_LANGUAGE_STANDARD = gnu99;
				GCC_DYNAMIC_NO_PIC = NO;
				GCC_NO_COMMON_BLOCKS = YES;
				GCC_OPTIMIZATION_LEVEL = 0;
				GCC_PREPROCESSOR_DEFINITIONS = (
					"DEBUG=1",
					"$(inherited)",
				);
				GCC_WARN_64_TO_32_BIT_CONVERSION = YES;
				GCC_WARN_ABOUT_RETURN_TYPE = YES_ERROR;
				GCC_WARN_UNDECLARED_SELECTOR = YES;
				GCC_WARN_UNINITIALIZED_AUTOS = YES_AGGRESSIVE;
				GCC_WARN_UNUSED_FUNCTION = YES;
				GCC_WARN_UNUSED_VARIABLE = YES;
				IPHONEOS_DEPLOYMENT_TARGET = 9.3;
				MTL_ENABLE_DEBUG_INFO = YES;
				ONLY_ACTIVE_ARCH = YES;
				SDKROOT = iphoneos;
			};
			name = Debug;
		};
		915A92961D20F56300391911 /* Release */ = {
			isa = XCBuildConfiguration;
			buildSettings = {
				ALWAYS_SEARCH_USER_PATHS = NO;
				CLANG_ANALYZER_NONNULL = YES;
				CLANG_CXX_LANGUAGE_STANDARD = "gnu++0x";
				CLANG_CXX_LIBRARY = "libc++";
				CLANG_ENABLE_MODULES = YES;
				CLANG_ENABLE_OBJC_ARC = YES;
				CLANG_WARN_BOOL_CONVERSION = YES;
				CLANG_WARN_CONSTANT_CONVERSION = YES;
				CLANG_WARN_DIRECT_OBJC_ISA_USAGE = YES_ERROR;
				CLANG_WARN_EMPTY_BODY = YES;
				CLANG_WARN_ENUM_CONVERSION = YES;
				CLANG_WARN_INT_CONVERSION = YES;
				CLANG_WARN_OBJC_ROOT_CLASS = YES_ERROR;
				CLANG_WARN_UNREACHABLE_CODE = YES;
				CLANG_WARN__DUPLICATE_METHOD_MATCH = YES;
				"CODE_SIGN_IDENTITY[sdk=iphoneos*]" = "iPhone Developer";
				COPY_PHASE_STRIP = NO;
				DEBUG_INFORMATION_FORMAT = "dwarf-with-dsym";
				ENABLE_NS_ASSERTIONS = NO;
				ENABLE_STRICT_OBJC_MSGSEND = YES;
				GCC_C_LANGUAGE_STANDARD = gnu99;
				GCC_NO_COMMON_BLOCKS = YES;
				GCC_WARN_64_TO_32_BIT_CONVERSION = YES;
				GCC_WARN_ABOUT_RETURN_TYPE = YES_ERROR;
				GCC_WARN_UNDECLARED_SELECTOR = YES;
				GCC_WARN_UNINITIALIZED_AUTOS = YES_AGGRESSIVE;
				GCC_WARN_UNUSED_FUNCTION = YES;
				GCC_WARN_UNUSED_VARIABLE = YES;
				IPHONEOS_DEPLOYMENT_TARGET = 9.3;
				MTL_ENABLE_DEBUG_INFO = NO;
				SDKROOT = iphoneos;
				VALIDATE_PRODUCT = YES;
			};
			name = Release;
		};
		915A92981D20F56300391911 /* Debug */ = {
			isa = XCBuildConfiguration;
			buildSettings = {
				ASSETCATALOG_COMPILER_APPICON_NAME = AppIcon;
				INFOPLIST_FILE = Multiple_reverse/Info.plist;
				LD_RUNPATH_SEARCH_PATHS = "$(inherited) @executable_path/Frameworks";
				PRODUCT_BUNDLE_IDENTIFIER = "com.Multiple-reverse";
				PRODUCT_NAME = "$(TARGET_NAME)";
			};
			name = Debug;
		};
		915A92991D20F56300391911 /* Release */ = {
			isa = XCBuildConfiguration;
			buildSettings = {
				ASSETCATALOG_COMPILER_APPICON_NAME = AppIcon;
				INFOPLIST_FILE = Multiple_reverse/Info.plist;
				LD_RUNPATH_SEARCH_PATHS = "$(inherited) @executable_path/Frameworks";
				PRODUCT_BUNDLE_IDENTIFIER = "com.Multiple-reverse";
				PRODUCT_NAME = "$(TARGET_NAME)";
			};
			name = Release;
		};
/* End XCBuildConfiguration section */

/* Begin XCConfigurationList section */
		915A927B1D20F56200391911 /* Build configuration list for PBXProject "Multiple_reverse" */ = {
			isa = XCConfigurationList;
			buildConfigurations = (
				915A92951D20F56300391911 /* Debug */,
				915A92961D20F56300391911 /* Release */,
			);
			defaultConfigurationIsVisible = 0;
			defaultConfigurationName = Release;
		};
		915A92971D20F56300391911 /* Build configuration list for PBXNativeTarget "Multiple_reverse" */ = {
			isa = XCConfigurationList;
			buildConfigurations = (
				915A92981D20F56300391911 /* Debug */,
				915A92991D20F56300391911 /* Release */,
			);
			defaultConfigurationIsVisible = 0;
		};
/* End XCConfigurationList section */
	};
	rootObject = 915A92781D20F56200391911 /* Project object */;
}
